
Microsoft Visual Studio Solution File, Format Version 12.00
# Visual Studio Version 17
VisualStudioVersion = 17.4.33213.308
MinimumVisualStudioVersion = 10.0.40219.1
Project("{FAE04EC0-301F-11D3-BF4B-00C04F79EFBC}") = "FinaleDemo05", "FinaleDemo05\FinaleDemo05.csproj", "{42ED04F1-6866-41CC-B54D-712E094DB2C4}"
EndProject
Project("{FAE04EC0-301F-11D3-BF4B-00C04F79EFBC}") = "FinaleDemo05BLL", "FinaleDemo05BLL\FinaleDemo05BLL.csproj", "{A75CD5E7-6C6C-49DD-B35C-AAF6191F4107}"
EndProject
Project("{FAE04EC0-301F-11D3-BF4B-00C04F79EFBC}") = "FinaleDemo05DAL", "FinaleDemo05DAL\FinaleDemo05DAL.csproj", "{7714A1E1-43EF-449C-B873-E624A51DB6A0}"
EndProject
Global
	GlobalSection(SolutionConfigurationPlatforms) = preSolution
		Debug|Any CPU = Debug|Any CPU
		Release|Any CPU = Release|Any CPU
	EndGlobalSection
	GlobalSection(ProjectConfigurationPlatforms) = postSolution
		{42ED04F1-6866-41CC-B54D-712E094DB2C4}.Debug|Any CPU.ActiveCfg = Debug|Any CPU
		{42ED04F1-6866-41CC-B54D-712E094DB2C4}.Debug|Any CPU.Build.0 = Debug|Any CPU
		{42ED04F1-6866-41CC-B54D-712E094DB2C4}.Release|Any CPU.ActiveCfg = Release|Any CPU
		{42ED04F1-6866-41CC-B54D-712E094DB2C4}.Release|Any CPU.Build.0 = Release|Any CPU
		{A75CD5E7-6C6C-49DD-B35C-AAF6191F4107}.Debug|Any CPU.ActiveCfg = Debug|Any CPU
		{A75CD5E7-6C6C-49DD-B35C-AAF6191F4107}.Debug|Any CPU.Build.0 = Debug|Any CPU
		{A75CD5E7-6C6C-49DD-B35C-AAF6191F4107}.Release|Any CPU.ActiveCfg = Release|Any CPU
		{A75CD5E7-6C6C-49DD-B35C-AAF6191F4107}.Release|Any CPU.Build.0 = Release|Any CPU
		{7714A1E1-43EF-449C-B873-E624A51DB6A0}.Debug|Any CPU.ActiveCfg = Debug|Any CPU
		{7714A1E1-43EF-449C-B873-E624A51DB6A0}.Debug|Any CPU.Build.0 = Debug|Any CPU
		{7714A1E1-43EF-449C-B873-E624A51DB6A0}.Release|Any CPU.ActiveCfg = Release|Any CPU
		{7714A1E1-43EF-449C-B873-E624A51DB6A0}.Release|Any CPU.Build.0 = Release|Any CPU
	EndGlobalSection
	GlobalSection(SolutionProperties) = preSolution
		HideSolutionNode = FALSE
	EndGlobalSection
	GlobalSection(ExtensibilityGlobals) = postSolution
		SolutionGuid = {09D544EB-2036-4FA2-9208-DE57CCFA52F6}
	EndGlobalSection
EndGlobal
